<?xml version="1.0" encoding="utf-8"?>
<Project ToolsVersion="4.0" xmlns="http://schemas.microsoft.com/developer/msbuild/2003">
  <ItemGroup>
    <Filter Include="Source Files">
      <UniqueIdentifier>{4FC737F1-C7A5-4376-A066-2A32D752A2FF}</UniqueIdentifier>
      <Extensions>cpp;c;cc;cxx;c++;cppm;ixx;def;odl;idl;hpj;bat;asm;asmx</Extensions>
    </Filter>
    <Filter Include="Header Files">
      <UniqueIdentifier>{93995380-89BD-4b04-88EB-625FBE52EBFB}</UniqueIdentifier>
      <Extensions>h;hh;hpp;hxx;h++;hm;inl;inc;ipp;xsd</Extensions>
    </Filter>
    <Filter Include="Resource Files">
      <UniqueIdentifier>{67DA6AB6-F800-4c08-8B7A-83BB121AAD01}</UniqueIdentifier>
      <Extensions>rc;ico;cur;bmp;dlg;rc2;rct;bin;rgs;gif;jpg;jpeg;jpe;resx;tiff;tif;png;wav;mfcribbon-ms</Extensions>
    </Filter>
  </ItemGroup>
  <ItemGroup>
    <ClCompile Include="Examen 2.cpp">
      <Filter>Source Files</Filter>
    </ClCompile>
    <ClCompile Include="Simple.cpp">
      <Filter>Source Files</Filter>
    </ClCompile>
    <ClCompile Include="Compuesto.cpp">
      <Filter>Source Files</Filter>
    </ClCompile>
    <ClCompile Include="ModEquiposElectronicos.cpp">
      <Filter>Source Files</Filter>
    </ClCompile>
    <ClCompile Include="Cliente.cpp">
      <Filter>Source Files</Filter>
    </ClCompile>
    <ClCompile Include="Proyecto.cpp">
      <Filter>Source Files</Filter>
    </ClCompile>
    <ClCompile Include="RedesSociales.cpp">
      <Filter>Source Files</Filter>
    </ClCompile>
    <ClCompile Include="EventoPublicitario.cpp">
      <Filter>Source Files</Filter>
    </ClCompile>
    <ClCompile Include="ModProyectos.cpp">
      <Filter>Source Files</Filter>
    </ClCompile>
    <ClCompile Include="EmpresaPublicitaria.cpp">
      <Filter>Source Files</Filter>
    </ClCompile>
  </ItemGroup>
  <ItemGroup>
    <ClInclude Include="Simple.h">
      <Filter>Header Files</Filter>
    </ClInclude>
    <ClInclude Include="Compuesto.h">
      <Filter>Header Files</Filter>
    </ClInclude>
    <ClInclude Include="ModEquiposElectronicos.h">
      <Filter>Header Files</Filter>
    </ClInclude>
    <ClInclude Include="Cliente.h">
      <Filter>Header Files</Filter>
    </ClInclude>
    <ClInclude Include="Proyecto.h">
      <Filter>Header Files</Filter>
    </ClInclude>
    <ClInclude Include="RedesSociales.h">
      <Filter>Header Files</Filter>
    </ClInclude>
    <ClInclude Include="EventoPublicitario.h">
      <Filter>Header Files</Filter>
    </ClInclude>
    <ClInclude Include="ModProyectos.h">
      <Filter>Header Files</Filter>
    </ClInclude>
    <ClInclude Include="EmpresaPublicitaria.h">
      <Filter>Header Files</Filter>
    </ClInclude>
  </ItemGroup>
</Project>